version = 1
revision = 2
requires-python = ">=3.13"

[[package]]
name = "aiofiles"
version = "23.1.0"
source = { registry = "https://pypi.org/simple" }
sdist = { url = "https://files.pythonhosted.org/packages/40/a0/07be94aecba162ed5147359f9883e82afd2ac13aed33678a008fc8c36f8b/aiofiles-23.1.0.tar.gz", hash = "sha256:edd247df9a19e0db16534d4baaf536d6609a43e1de5401d7a4c1c148753a1635", size = 15614, upload-time = "2023-02-09T01:15:10.244Z" }
wheels = [
    { url = "https://files.pythonhosted.org/packages/a8/76/635aa4f210d46ca105bfedd42d41f649b91d3e58422912726fc5e7965442/aiofiles-23.1.0-py3-none-any.whl", hash = "sha256:9312414ae06472eb6f1d163f555e466a23aed1c8f60c30cccf7121dba2e53eb2", size = 14855, upload-time = "2023-02-09T01:15:07.842Z" },
]

[[package]]
name = "apscheduler"
version = "3.10.1"
source = { registry = "https://pypi.org/simple" }
dependencies = [
    { name = "pytz" },
    { name = "setuptools" },
    { name = "six" },
    { name = "tzlocal" },
]
sdist = { url = "https://files.pythonhosted.org/packages/ea/ed/f1ad88e88208c24db80dcaae7a5a339bb283956984f8fa59933d2806413a/APScheduler-3.10.1.tar.gz", hash = "sha256:0293937d8f6051a0f493359440c1a1b93e882c57daf0197afeff0e727777b96e", size = 100376, upload-time = "2023-03-03T09:03:17.291Z" }
wheels = [
    { url = "https://files.pythonhosted.org/packages/d0/08/952d9570f4897dc2b30166fca5afd3a2cd19b3d408abdb470978484e8a09/APScheduler-3.10.1-py3-none-any.whl", hash = "sha256:e813ad5ada7aff36fb08cdda746b520531eaac7757832abc204868ba78e0c8f6", size = 59238, upload-time = "2023-03-03T09:03:15.589Z" },
]

[[package]]
name = "asgiref"
version = "3.6.0"
source = { registry = "https://pypi.org/simple" }
sdist = { url = "https://files.pythonhosted.org/packages/78/2d/797c0537426266d6c9377a2ed6a4ac61e50c2d5b1ab4da101a4b9bfe26e2/asgiref-3.6.0.tar.gz", hash = "sha256:9567dfe7bd8d3c8c892227827c41cce860b368104c3431da67a0c5a65a949506", size = 32748, upload-time = "2022-12-20T09:06:51.58Z" }
wheels = [
    { url = "https://files.pythonhosted.org/packages/8f/29/38d10a47b322a77b2d12c2b79c789f52956f733cb701d4d5157c76b5f238/asgiref-3.6.0-py3-none-any.whl", hash = "sha256:71e68008da809b957b7ee4b43dbccff33d1b23519fb8344e33f049897077afac", size = 23105, upload-time = "2022-12-20T09:06:49.899Z" },
]

[[package]]
name = "assist"
version = "0.1.0"
source = { virtual = "." }
dependencies = [
    { name = "aiofiles" },
    { name = "apscheduler" },
    { name = "asgiref" },
    { name = "blinker" },
    { name = "click" },
    { name = "croniter" },
    { name = "exceptiongroup" },
    { name = "h11" },
    { name = "h2" },
    { name = "hpack" },
    { name = "hypercorn" },
    { name = "hyperframe" },
    { name = "importlib-metadata" },
    { name = "iniconfig" },
    { name = "itsdangerous" },
    { name = "jinja2" },
    { name = "loguru" },
    { name = "markupsafe" },
    { name = "packaging" },
    { name = "pluggy" },
    { name = "priority" },
    { name = "pydantic" },
    { name = "pytest" },
    { name = "python-dateutil" },
    { name = "pytz" },
    { name = "quart" },
    { name = "setuptools" },
    { name = "six" },
    { name = "toml" },
    { name = "tomli" },
    { name = "typing-extensions" },
    { name = "tzlocal" },
    { name = "uvicorn" },
    { name = "werkzeug" },
    { name = "wsproto" },
    { name = "zipp" },
]

[package.metadata]
requires-dist = [
    { name = "aiofiles", specifier = "==23.1.0" },
    { name = "apscheduler", specifier = "==3.10.1" },
    { name = "asgiref", specifier = "==3.6.0" },
    { name = "blinker", specifier = "==1.5" },
    { name = "click", specifier = "==8.1.3" },
    { name = "croniter", specifier = "==1.3.14" },
    { name = "exceptiongroup", specifier = "==1.1.2" },
    { name = "h11", specifier = "==0.14.0" },
    { name = "h2", specifier = "==4.1.0" },
    { name = "hpack", specifier = "==4.0.0" },
    { name = "hypercorn", specifier = "==0.14.3" },
    { name = "hyperframe", specifier = "==6.0.1" },
    { name = "importlib-metadata", specifier = "==6.6.0" },
    { name = "iniconfig", specifier = "==2.0.0" },
    { name = "itsdangerous", specifier = "==2.1.2" },
    { name = "jinja2", specifier = "==3.1.2" },
    { name = "loguru", specifier = "==0.7.0" },
    { name = "markupsafe", specifier = "==2.1.2" },
    { name = "packaging", specifier = "==23.1" },
    { name = "pluggy", specifier = "==1.2.0" },
    { name = "priority", specifier = "==2.0.0" },
    { name = "pydantic", specifier = "==1.10.7" },
    { name = "pytest", specifier = "==7.4.0" },
    { name = "python-dateutil", specifier = "==2.8.2" },
    { name = "pytz", specifier = "==2023.3" },
    { name = "quart", specifier = "==0.18.4" },
    { name = "setuptools", specifier = "==75.2.0" },
    { name = "six", specifier = "==1.16.0" },
    { name = "toml", specifier = "==0.10.2" },
    { name = "tomli", specifier = "==2.0.1" },
    { name = "typing-extensions", specifier = "==4.5.0" },
    { name = "tzlocal", specifier = "==5.0.1" },
    { name = "uvicorn", specifier = "==0.22.0" },
    { name = "werkzeug", specifier = "==2.3.4" },
    { name = "wsproto", specifier = "==1.2.0" },
    { name = "zipp", specifier = "==3.15.0" },
]

[[package]]
name = "blinker"
version = "1.5"
source = { registry = "https://pypi.org/simple" }
sdist = { url = "https://files.pythonhosted.org/packages/2b/12/82786486cefb68685bb1c151730f510b0f4e5d621d77f245bc0daf9a6c64/blinker-1.5.tar.gz", hash = "sha256:923e5e2f69c155f2cc42dafbbd70e16e3fde24d2d4aa2ab72fbe386238892462", size = 27022, upload-time = "2022-07-17T17:40:05.149Z" }
wheels = [
    { url = "https://files.pythonhosted.org/packages/30/41/caa5da2dbe6d26029dfe11d31dfa8132b4d6d30b6d6b61a24824075a5f06/blinker-1.5-py2.py3-none-any.whl", hash = "sha256:1eb563df6fdbc39eeddc177d953203f99f097e9bf0e2b8f9f3cf18b6ca425e36", size = 12529, upload-time = "2022-07-17T17:40:02.158Z" },
]

[[package]]
name = "click"
version = "8.1.3"
source = { registry = "https://pypi.org/simple" }
dependencies = [
    { name = "colorama", marker = "sys_platform == 'win32'" },
]
sdist = { url = "https://files.pythonhosted.org/packages/59/87/84326af34517fca8c58418d148f2403df25303e02736832403587318e9e8/click-8.1.3.tar.gz", hash = "sha256:7682dc8afb30297001674575ea00d1814d808d6a36af415a82bd481d37ba7b8e", size = 331147, upload-time = "2022-04-28T17:36:09.097Z" }
wheels = [
    { url = "https://files.pythonhosted.org/packages/c2/f1/df59e28c642d583f7dacffb1e0965d0e00b218e0186d7858ac5233dce840/click-8.1.3-py3-none-any.whl", hash = "sha256:bb4d8133cb15a609f44e8213d9b391b0809795062913b383c62be0ee95b1db48", size = 96588, upload-time = "2022-04-28T17:36:06.952Z" },
]

[[package]]
name = "colorama"
version = "0.4.6"
source = { registry = "https://pypi.org/simple" }
sdist = { url = "https://files.pythonhosted.org/packages/d8/53/6f443c9a4a8358a93a6792e2acffb9d9d5cb0a5cfd8802644b7b1c9a02e4/colorama-0.4.6.tar.gz", hash = "sha256:08695f5cb7ed6e0531a20572697297273c47b8cae5a63ffc6d6ed5c201be6e44", size = 27697, upload-time = "2022-10-25T02:36:22.414Z" }
wheels = [
    { url = "https://files.pythonhosted.org/packages/d1/d6/3965ed04c63042e047cb6a3e6ed1a63a35087b6a609aa3a15ed8ac56c221/colorama-0.4.6-py2.py3-none-any.whl", hash = "sha256:4f1d9991f5acc0ca119f9d443620b77f9d6b33703e51011c16baf57afb285fc6", size = 25335, upload-time = "2022-10-25T02:36:20.889Z" },
]

[[package]]
name = "croniter"
version = "1.3.14"
source = { registry = "https://pypi.org/simple" }
dependencies = [
    { name = "python-dateutil" },
]
sdist = { url = "https://files.pythonhosted.org/packages/5b/4a/7b9a1ec2e3660a75d8b46aff0f5c21e8d886cfbb8558576e2ac871279916/croniter-1.3.14.tar.gz", hash = "sha256:d067b1f95b553c6e82d95a983c465695913dcd12f47a8b9aa938a0450d94dd5e", size = 40026, upload-time = "2023-04-12T16:06:51.545Z" }
wheels = [
    { url = "https://files.pythonhosted.org/packages/e7/f4/afbf09131612dad1737c8f9b0f4f494153f4099e114904bd6b94036e588f/croniter-1.3.14-py2.py3-none-any.whl", hash = "sha256:da1a1a7ca977b38e952ab0a119576e002bc4c05d058d644e81fc06ef7e995bb0", size = 18893, upload-time = "2023-04-12T16:06:48.507Z" },
]

[[package]]
name = "exceptiongroup"
version = "1.1.2"
source = { registry = "https://pypi.org/simple" }
sdist = { url = "https://files.pythonhosted.org/packages/55/09/5d2079ecab0ca483e527a1707a483562bdc17abf829d3e73f0c1a73b61c7/exceptiongroup-1.1.2.tar.gz", hash = "sha256:12c3e887d6485d16943a309616de20ae5582633e0a2eda17f4e10fd61c1e8af5", size = 23124, upload-time = "2023-07-03T09:54:56.608Z" }
wheels = [
    { url = "https://files.pythonhosted.org/packages/fe/17/f43b7c9ccf399d72038042ee72785c305f6c6fdc6231942f8ab99d995742/exceptiongroup-1.1.2-py3-none-any.whl", hash = "sha256:e346e69d186172ca7cf029c8c1d16235aa0e04035e5750b4b95039e65204328f", size = 14446, upload-time = "2023-07-03T09:54:55.509Z" },
]

[[package]]
name = "h11"
version = "0.14.0"
source = { registry = "https://pypi.org/simple" }
sdist = { url = "https://files.pythonhosted.org/packages/f5/38/3af3d3633a34a3316095b39c8e8fb4853a28a536e55d347bd8d8e9a14b03/h11-0.14.0.tar.gz", hash = "sha256:8f19fbbe99e72420ff35c00b27a34cb9937e902a8b810e2c88300c6f0a3b699d", size = 100418, upload-time = "2022-09-25T15:40:01.519Z" }
wheels = [
    { url = "https://files.pythonhosted.org/packages/95/04/ff642e65ad6b90db43e668d70ffb6736436c7ce41fcc549f4e9472234127/h11-0.14.0-py3-none-any.whl", hash = "sha256:e3fe4ac4b851c468cc8363d500db52c2ead036020723024a109d37346efaa761", size = 58259, upload-time = "2022-09-25T15:39:59.68Z" },
]

[[package]]
name = "h2"
version = "4.1.0"
source = { registry = "https://pypi.org/simple" }
dependencies = [
    { name = "hpack" },
    { name = "hyperframe" },
]
sdist = { url = "https://files.pythonhosted.org/packages/2a/32/fec683ddd10629ea4ea46d206752a95a2d8a48c22521edd70b142488efe1/h2-4.1.0.tar.gz", hash = "sha256:a83aca08fbe7aacb79fec788c9c0bac936343560ed9ec18b82a13a12c28d2abb", size = 2145593, upload-time = "2021-10-05T18:27:47.18Z" }
wheels = [
    { url = "https://files.pythonhosted.org/packages/2a/e5/db6d438da759efbb488c4f3fbdab7764492ff3c3f953132efa6b9f0e9e53/h2-4.1.0-py3-none-any.whl", hash = "sha256:03a46bcf682256c95b5fd9e9a99c1323584c3eec6440d379b9903d709476bc6d", size = 57488, upload-time = "2021-10-05T18:27:39.977Z" },
]

[[package]]
name = "hpack"
version = "4.0.0"
source = { registry = "https://pypi.org/simple" }
sdist = { url = "https://files.pythonhosted.org/packages/3e/9b/fda93fb4d957db19b0f6b370e79d586b3e8528b20252c729c476a2c02954/hpack-4.0.0.tar.gz", hash = "sha256:fc41de0c63e687ebffde81187a948221294896f6bdc0ae2312708df339430095", size = 49117, upload-time = "2020-08-30T10:35:57.868Z" }
wheels = [
    { url = "https://files.pythonhosted.org/packages/d5/34/e8b383f35b77c402d28563d2b8f83159319b509bc5f760b15d60b0abf165/hpack-4.0.0-py3-none-any.whl", hash = "sha256:84a076fad3dc9a9f8063ccb8041ef100867b1878b25ef0ee63847a5d53818a6c", size = 32611, upload-time = "2020-08-30T10:35:56.357Z" },
]

[[package]]
name = "hypercorn"
version = "0.14.3"
source = { registry = "https://pypi.org/simple" }
dependencies = [
    { name = "h11" },
    { name = "h2" },
    { name = "priority" },
    { name = "toml" },
    { name = "wsproto" },
]
sdist = { url = "https://files.pythonhosted.org/packages/2e/e8/2a927f26a0cb994451b07622bf778ac6b3cb9fe45216e13feaeebb27c9b0/Hypercorn-0.14.3.tar.gz", hash = "sha256:4a87a0b7bbe9dc75fab06dbe4b301b9b90416e9866c23a377df21a969d6ab8dd", size = 42483, upload-time = "2022-09-04T16:50:16.009Z" }
wheels = [
    { url = "https://files.pythonhosted.org/packages/be/8b/e856965857137bc594e8fd52fef1d00b79913a6a01033cba772276aff10b/Hypercorn-0.14.3-py3-none-any.whl", hash = "sha256:7c491d5184f28ee960dcdc14ab45d14633ca79d72ddd13cf4fcb4cb854d679ab", size = 57885, upload-time = "2022-09-04T16:50:14.095Z" },
]

[[package]]
name = "hyperframe"
version = "6.0.1"
source = { registry = "https://pypi.org/simple" }
sdist = { url = "https://files.pythonhosted.org/packages/5a/2a/4747bff0a17f7281abe73e955d60d80aae537a5d203f417fa1c2e7578ebb/hyperframe-6.0.1.tar.gz", hash = "sha256:ae510046231dc8e9ecb1a6586f63d2347bf4c8905914aa84ba585ae85f28a914", size = 25008, upload-time = "2021-04-17T12:11:22.757Z" }
wheels = [
    { url = "https://files.pythonhosted.org/packages/d7/de/85a784bcc4a3779d1753a7ec2dee5de90e18c7bcf402e71b51fcf150b129/hyperframe-6.0.1-py3-none-any.whl", hash = "sha256:0ec6bafd80d8ad2195c4f03aacba3a8265e57bc4cff261e802bf39970ed02a15", size = 12389, upload-time = "2021-04-17T12:11:21.045Z" },
]

[[package]]
name = "importlib-metadata"
version = "6.6.0"
source = { registry = "https://pypi.org/simple" }
dependencies = [
    { name = "zipp" },
]
sdist = { url = "https://files.pythonhosted.org/packages/0b/1f/9de392c2b939384e08812ef93adf37684ec170b5b6e7ea302d9f163c2ea0/importlib_metadata-6.6.0.tar.gz", hash = "sha256:92501cdf9cc66ebd3e612f1b4f0c0765dfa42f0fa38ffb319b6bd84dd675d705", size = 53379, upload-time = "2023-04-22T12:57:02.149Z" }
wheels = [
    { url = "https://files.pythonhosted.org/packages/30/bb/bf2944b8b88c65b797acc2c6a2cb0fb817f7364debf0675792e034013858/importlib_metadata-6.6.0-py3-none-any.whl", hash = "sha256:43dd286a2cd8995d5eaef7fee2066340423b818ed3fd70adf0bad5f1fac53fed", size = 22930, upload-time = "2023-04-22T12:57:00.231Z" },
]

[[package]]
name = "iniconfig"
version = "2.0.0"
source = { registry = "https://pypi.org/simple" }
sdist = { url = "https://files.pythonhosted.org/packages/d7/4b/cbd8e699e64a6f16ca3a8220661b5f83792b3017d0f79807cb8708d33913/iniconfig-2.0.0.tar.gz", hash = "sha256:2d91e135bf72d31a410b17c16da610a82cb55f6b0477d1a902134b24a455b8b3", size = 4646, upload-time = "2023-01-07T11:08:11.254Z" }
wheels = [
    { url = "https://files.pythonhosted.org/packages/ef/a6/62565a6e1cf69e10f5727360368e451d4b7f58beeac6173dc9db836a5b46/iniconfig-2.0.0-py3-none-any.whl", hash = "sha256:b6a85871a79d2e3b22d2d1b94ac2824226a63c6b741c88f7ae975f18b6778374", size = 5892, upload-time = "2023-01-07T11:08:09.864Z" },
]

[[package]]
name = "itsdangerous"
version = "2.1.2"
source = { registry = "https://pypi.org/simple" }
sdist = { url = "https://files.pythonhosted.org/packages/7f/a1/d3fb83e7a61fa0c0d3d08ad0a94ddbeff3731c05212617dff3a94e097f08/itsdangerous-2.1.2.tar.gz", hash = "sha256:5dbbc68b317e5e42f327f9021763545dc3fc3bfe22e6deb96aaf1fc38874156a", size = 56143, upload-time = "2022-03-24T15:12:15.102Z" }
wheels = [
    { url = "https://files.pythonhosted.org/packages/68/5f/447e04e828f47465eeab35b5d408b7ebaaaee207f48b7136c5a7267a30ae/itsdangerous-2.1.2-py3-none-any.whl", hash = "sha256:2c2349112351b88699d8d4b6b075022c0808887cb7ad10069318a8b0bc88db44", size = 15749, upload-time = "2022-03-24T15:12:13.2Z" },
]

[[package]]
name = "jinja2"
version = "3.1.2"
source = { registry = "https://pypi.org/simple" }
dependencies = [
    { name = "markupsafe" },
]
sdist = { url = "https://files.pythonhosted.org/packages/7a/ff/75c28576a1d900e87eb6335b063fab47a8ef3c8b4d88524c4bf78f670cce/Jinja2-3.1.2.tar.gz", hash = "sha256:31351a702a408a9e7595a8fc6150fc3f43bb6bf7e319770cbc0db9df9437e852", size = 268239, upload-time = "2022-04-28T17:21:27.579Z" }
wheels = [
    { url = "https://files.pythonhosted.org/packages/bc/c3/f068337a370801f372f2f8f6bad74a5c140f6fda3d9de154052708dd3c65/Jinja2-3.1.2-py3-none-any.whl", hash = "sha256:6088930bfe239f0e6710546ab9c19c9ef35e29792895fed6e6e31a023a182a61", size = 133101, upload-time = "2022-04-28T17:21:25.336Z" },
]

[[package]]
name = "loguru"
version = "0.7.0"
source = { registry = "https://pypi.org/simple" }
dependencies = [
    { name = "colorama", marker = "sys_platform == 'win32'" },
    { name = "win32-setctime", marker = "sys_platform == 'win32'" },
]
sdist = { url = "https://files.pythonhosted.org/packages/0c/1d/697cbb4ae54217784c1c4805696efb2fd7a1cbbe4827264a80a49e52b828/loguru-0.7.0.tar.gz", hash = "sha256:1612053ced6ae84d7959dd7d5e431a0532642237ec21f7fd83ac73fe539e03e1", size = 131961, upload-time = "2023-04-10T09:05:50.095Z" }
wheels = [
    { url = "https://files.pythonhosted.org/packages/71/bd/337f7a0cd2628c4c77512d78e26f93b13c327a2ddf2132001dd78c000bf4/loguru-0.7.0-py3-none-any.whl", hash = "sha256:b93aa30099fa6860d4727f1b81f8718e965bb96253fa190fab2077aaad6d15d3", size = 59951, upload-time = "2023-04-10T09:05:47.468Z" },
]

[[package]]
name = "markupsafe"
version = "2.1.2"
source = { registry = "https://pypi.org/simple" }
sdist = { url = "https://files.pythonhosted.org/packages/95/7e/68018b70268fb4a2a605e2be44ab7b4dd7ce7808adae6c5ef32e34f4b55a/MarkupSafe-2.1.2.tar.gz", hash = "sha256:abcabc8c2b26036d62d4c746381a6f7cf60aafcc653198ad678306986b09450d", size = 19080, upload-time = "2023-01-17T18:23:59.903Z" }

[[package]]
name = "packaging"
version = "23.1"
source = { registry = "https://pypi.org/simple" }
sdist = { url = "https://files.pythonhosted.org/packages/b9/6c/7c6658d258d7971c5eb0d9b69fa9265879ec9a9158031206d47800ae2213/packaging-23.1.tar.gz", hash = "sha256:a392980d2b6cffa644431898be54b0045151319d1e7ec34f0cfed48767dd334f", size = 134240, upload-time = "2023-04-12T16:11:11.76Z" }
wheels = [
    { url = "https://files.pythonhosted.org/packages/ab/c3/57f0601a2d4fe15de7a553c00adbc901425661bf048f2a22dfc500caf121/packaging-23.1-py3-none-any.whl", hash = "sha256:994793af429502c4ea2ebf6bf664629d07c1a9fe974af92966e4b8d2df7edc61", size = 48905, upload-time = "2023-04-12T16:11:09.29Z" },
]

[[package]]
name = "pluggy"
version = "1.2.0"
source = { registry = "https://pypi.org/simple" }
sdist = { url = "https://files.pythonhosted.org/packages/8a/42/8f2833655a29c4e9cb52ee8a2be04ceac61bcff4a680fb338cbd3d1e322d/pluggy-1.2.0.tar.gz", hash = "sha256:d12f0c4b579b15f5e054301bb226ee85eeeba08ffec228092f8defbaa3a4c4b3", size = 61613, upload-time = "2023-06-21T09:12:28.745Z" }
wheels = [
    { url = "https://files.pythonhosted.org/packages/51/32/4a79112b8b87b21450b066e102d6608907f4c885ed7b04c3fdb085d4d6ae/pluggy-1.2.0-py3-none-any.whl", hash = "sha256:c2fd55a7d7a3863cba1a013e4e2414658b1d07b6bc57b3919e0c63c9abb99849", size = 17695, upload-time = "2023-06-21T09:12:27.397Z" },
]

[[package]]
name = "priority"
version = "2.0.0"
source = { registry = "https://pypi.org/simple" }
sdist = { url = "https://files.pythonhosted.org/packages/f5/3c/eb7c35f4dcede96fca1842dac5f4f5d15511aa4b52f3a961219e68ae9204/priority-2.0.0.tar.gz", hash = "sha256:c965d54f1b8d0d0b19479db3924c7c36cf672dbf2aec92d43fbdaf4492ba18c0", size = 24792, upload-time = "2021-06-27T10:15:05.487Z" }
wheels = [
    { url = "https://files.pythonhosted.org/packages/5e/5f/82c8074f7e84978129347c2c6ec8b6c59f3584ff1a20bc3c940a3e061790/priority-2.0.0-py3-none-any.whl", hash = "sha256:6f8eefce5f3ad59baf2c080a664037bb4725cd0a790d53d59ab4059288faf6aa", size = 8946, upload-time = "2021-06-27T10:15:03.856Z" },
]

[[package]]
name = "pydantic"
version = "1.10.7"
source = { registry = "https://pypi.org/simple" }
dependencies = [
    { name = "typing-extensions" },
]
sdist = { url = "https://files.pythonhosted.org/packages/43/5f/e53a850fd32dddefc998b6bfcbda843d4ff5b0dcac02a92e414ba6c97d46/pydantic-1.10.7.tar.gz", hash = "sha256:cfc83c0678b6ba51b0532bea66860617c4cd4251ecf76e9846fa5a9f3454e97e", size = 344063, upload-time = "2023-03-22T20:02:36.127Z" }
wheels = [
    { url = "https://files.pythonhosted.org/packages/8d/e1/d9219c4e4161a511158e531a84aa719087064d208c2bf87df5c58812f190/pydantic-1.10.7-py3-none-any.whl", hash = "sha256:0cd181f1d0b1d00e2b705f1bf1ac7799a2d938cce3376b8007df62b29be3c2c6", size = 157187, upload-time = "2023-03-22T20:02:34.311Z" },
]

[[package]]
name = "pytest"
version = "7.4.0"
source = { registry = "https://pypi.org/simple" }
dependencies = [
    { name = "colorama", marker = "sys_platform == 'win32'" },
    { name = "iniconfig" },
    { name = "packaging" },
    { name = "pluggy" },
]
sdist = { url = "https://files.pythonhosted.org/packages/a7/f3/dadfbdbf6b6c8b5bd02adb1e08bc9fbb45ba51c68b0893fa536378cdf485/pytest-7.4.0.tar.gz", hash = "sha256:b4bf8c45bd59934ed84001ad51e11b4ee40d40a1229d2c79f9c592b0a3f6bd8a", size = 1349733, upload-time = "2023-06-23T11:17:28.791Z" }
wheels = [
    { url = "https://files.pythonhosted.org/packages/33/b2/741130cbcf2bbfa852ed95a60dc311c9e232c7ed25bac3d9b8880a8df4ae/pytest-7.4.0-py3-none-any.whl", hash = "sha256:78bf16451a2eb8c7a2ea98e32dc119fd2aa758f1d5d66dbf0a59d69a3969df32", size = 323580, upload-time = "2023-06-23T11:17:25.738Z" },
]

[[package]]
name = "python-dateutil"
version = "2.8.2"
source = { registry = "https://pypi.org/simple" }
dependencies = [
    { name = "six" },
]
sdist = { url = "https://files.pythonhosted.org/packages/4c/c4/13b4776ea2d76c115c1d1b84579f3764ee6d57204f6be27119f13a61d0a9/python-dateutil-2.8.2.tar.gz", hash = "sha256:0123cacc1627ae19ddf3c27a5de5bd67ee4586fbdd6440d9748f8abb483d3e86", size = 357324, upload-time = "2021-07-14T08:19:19.783Z" }
wheels = [
    { url = "https://files.pythonhosted.org/packages/36/7a/87837f39d0296e723bb9b62bbb257d0355c7f6128853c78955f57342a56d/python_dateutil-2.8.2-py2.py3-none-any.whl", hash = "sha256:961d03dc3453ebbc59dbdea9e4e11c5651520a876d0f4db161e8674aae935da9", size = 247702, upload-time = "2021-07-14T08:19:18.161Z" },
]

[[package]]
name = "pytz"
version = "2023.3"
source = { registry = "https://pypi.org/simple" }
sdist = { url = "https://files.pythonhosted.org/packages/5e/32/12032aa8c673ee16707a9b6cdda2b09c0089131f35af55d443b6a9c69c1d/pytz-2023.3.tar.gz", hash = "sha256:1d8ce29db189191fb55338ee6d0387d82ab59f3d00eac103412d64e0ebd0c588", size = 317095, upload-time = "2023-03-29T04:23:28.655Z" }
wheels = [
    { url = "https://files.pythonhosted.org/packages/7f/99/ad6bd37e748257dd70d6f85d916cafe79c0b0f5e2e95b11f7fbc82bf3110/pytz-2023.3-py2.py3-none-any.whl", hash = "sha256:a151b3abb88eda1d4e34a9814df37de2a80e301e68ba0fd856fb9b46bfbbbffb", size = 502345, upload-time = "2023-03-29T04:23:25.307Z" },
]

[[package]]
name = "quart"
version = "0.18.4"
source = { registry = "https://pypi.org/simple" }
dependencies = [
    { name = "aiofiles" },
    { name = "blinker" },
    { name = "click" },
    { name = "hypercorn" },
    { name = "itsdangerous" },
    { name = "jinja2" },
    { name = "markupsafe" },
    { name = "werkzeug" },
]
sdist = { url = "https://files.pythonhosted.org/packages/c5/93/be1bd58558bd2f026b75a147c814f5117617dbb9f1e1144849ed2852d6c7/quart-0.18.4.tar.gz", hash = "sha256:c1766f269cdb85daf9da67ba54170abf7839aca97304dcb4cd0778eabfb442c6", size = 85018, upload-time = "2023-04-09T16:19:33.132Z" }
wheels = [
    { url = "https://files.pythonhosted.org/packages/8f/79/ccd45c2374711b632647aad3dc27af4341c96a852049603493e33c288762/quart-0.18.4-py3-none-any.whl", hash = "sha256:578a466bcd8c58b947b384ca3517c2a2f3bfeec8f58f4ff5038d4506ffee6be7", size = 100195, upload-time = "2023-04-09T16:19:29.995Z" },
]

[[package]]
name = "setuptools"
version = "75.2.0"
source = { registry = "https://pypi.org/simple" }
sdist = { url = "https://files.pythonhosted.org/packages/07/37/b31be7e4b9f13b59cde9dcaeff112d401d49e0dc5b37ed4a9fc8fb12f409/setuptools-75.2.0.tar.gz", hash = "sha256:753bb6ebf1f465a1912e19ed1d41f403a79173a9acf66a42e7e6aec45c3c16ec", size = 1350308, upload-time = "2024-10-16T10:21:56.437Z" }
wheels = [
    { url = "https://files.pythonhosted.org/packages/31/2d/90165d51ecd38f9a02c6832198c13a4e48652485e2ccf863ebb942c531b6/setuptools-75.2.0-py3-none-any.whl", hash = "sha256:a7fcb66f68b4d9e8e66b42f9876150a3371558f98fa32222ffaa5bced76406f8", size = 1249825, upload-time = "2024-10-16T10:21:53.64Z" },
]

[[package]]
name = "six"
version = "1.16.0"
source = { registry = "https://pypi.org/simple" }
sdist = { url = "https://files.pythonhosted.org/packages/71/39/171f1c67cd00715f190ba0b100d606d440a28c93c7714febeca8b79af85e/six-1.16.0.tar.gz", hash = "sha256:1e61c37477a1626458e36f7b1d82aa5c9b094fa4802892072e49de9c60c4c926", size = 34041, upload-time = "2021-05-05T14:18:18.379Z" }
wheels = [
    { url = "https://files.pythonhosted.org/packages/d9/5a/e7c31adbe875f2abbb91bd84cf2dc52d792b5a01506781dbcf25c91daf11/six-1.16.0-py2.py3-none-any.whl", hash = "sha256:8abb2f1d86890a2dfb989f9a77cfcfd3e47c2a354b01111771326f8aa26e0254", size = 11053, upload-time = "2021-05-05T14:18:17.237Z" },
]

[[package]]
name = "toml"
version = "0.10.2"
source = { registry = "https://pypi.org/simple" }
sdist = { url = "https://files.pythonhosted.org/packages/be/ba/1f744cdc819428fc6b5084ec34d9b30660f6f9daaf70eead706e3203ec3c/toml-0.10.2.tar.gz", hash = "sha256:b3bda1d108d5dd99f4a20d24d9c348e91c4db7ab1b749200bded2f839ccbe68f", size = 22253, upload-time = "2020-11-01T01:40:22.204Z" }
wheels = [
    { url = "https://files.pythonhosted.org/packages/44/6f/7120676b6d73228c96e17f1f794d8ab046fc910d781c8d151120c3f1569e/toml-0.10.2-py2.py3-none-any.whl", hash = "sha256:806143ae5bfb6a3c6e736a764057db0e6a0e05e338b5630894a5f779cabb4f9b", size = 16588, upload-time = "2020-11-01T01:40:20.672Z" },
]

[[package]]
name = "tomli"
version = "2.0.1"
source = { registry = "https://pypi.org/simple" }
sdist = { url = "https://files.pythonhosted.org/packages/c0/3f/d7af728f075fb08564c5949a9c95e44352e23dee646869fa104a3b2060a3/tomli-2.0.1.tar.gz", hash = "sha256:de526c12914f0c550d15924c62d72abc48d6fe7364aa87328337a31007fe8a4f", size = 15164, upload-time = "2022-02-08T10:54:04.006Z" }
wheels = [
    { url = "https://files.pythonhosted.org/packages/97/75/10a9ebee3fd790d20926a90a2547f0bf78f371b2f13aa822c759680ca7b9/tomli-2.0.1-py3-none-any.whl", hash = "sha256:939de3e7a6161af0c887ef91b7d41a53e7c5a1ca976325f429cb46ea9bc30ecc", size = 12757, upload-time = "2022-02-08T10:54:02.017Z" },
]

[[package]]
name = "typing-extensions"
version = "4.5.0"
source = { registry = "https://pypi.org/simple" }
sdist = { url = "https://files.pythonhosted.org/packages/d3/20/06270dac7316220643c32ae61694e451c98f8caf4c8eab3aa80a2bedf0df/typing_extensions-4.5.0.tar.gz", hash = "sha256:5cb5f4a79139d699607b3ef622a1dedafa84e115ab0024e0d9c044a9479ca7cb", size = 52399, upload-time = "2023-02-15T00:17:55.502Z" }
wheels = [
    { url = "https://files.pythonhosted.org/packages/31/25/5abcd82372d3d4a3932e1fa8c3dbf9efac10cc7c0d16e78467460571b404/typing_extensions-4.5.0-py3-none-any.whl", hash = "sha256:fb33085c39dd998ac16d1431ebc293a8b3eedd00fd4a32de0ff79002c19511b4", size = 27736, upload-time = "2023-02-15T00:17:53.726Z" },
]

[[package]]
name = "tzdata"
version = "2025.2"
source = { registry = "https://pypi.org/simple" }
sdist = { url = "https://files.pythonhosted.org/packages/95/32/1a225d6164441be760d75c2c42e2780dc0873fe382da3e98a2e1e48361e5/tzdata-2025.2.tar.gz", hash = "sha256:b60a638fcc0daffadf82fe0f57e53d06bdec2f36c4df66280ae79bce6bd6f2b9", size = 196380, upload-time = "2025-03-23T13:54:43.652Z" }
wheels = [
    { url = "https://files.pythonhosted.org/packages/5c/23/c7abc0ca0a1526a0774eca151daeb8de62ec457e77262b66b359c3c7679e/tzdata-2025.2-py2.py3-none-any.whl", hash = "sha256:1a403fada01ff9221ca8044d701868fa132215d84beb92242d9acd2147f667a8", size = 347839, upload-time = "2025-03-23T13:54:41.845Z" },
]

[[package]]
name = "tzlocal"
version = "5.0.1"
source = { registry = "https://pypi.org/simple" }
dependencies = [
    { name = "tzdata", marker = "sys_platform == 'win32'" },
]
sdist = { url = "https://files.pythonhosted.org/packages/ee/f5/3e644f08771b242f7460438cdc0aaad4d1484c1f060f1e52f4738d342983/tzlocal-5.0.1.tar.gz", hash = "sha256:46eb99ad4bdb71f3f72b7d24f4267753e240944ecfc16f25d2719ba89827a803", size = 32614, upload-time = "2023-05-15T12:10:23.073Z" }
wheels = [
    { url = "https://files.pythonhosted.org/packages/84/d2/730a87f0dbf184760394a85088d0d2366a5a8a32bc32ffd869a83f1de854/tzlocal-5.0.1-py3-none-any.whl", hash = "sha256:f3596e180296aaf2dbd97d124fe76ae3a0e3d32b258447de7b939b3fd4be992f", size = 20809, upload-time = "2023-05-15T12:10:20.429Z" },
]

[[package]]
name = "uvicorn"
version = "0.22.0"
source = { registry = "https://pypi.org/simple" }
dependencies = [
    { name = "click" },
    { name = "h11" },
]
sdist = { url = "https://files.pythonhosted.org/packages/c6/dd/0d3bab50ab4ef8bec849f89fec2adc2fabcc397018c30e57d9f0d4009c5e/uvicorn-0.22.0.tar.gz", hash = "sha256:79277ae03db57ce7d9aa0567830bbb51d7a612f54d6e1e3e92da3ef24c2c8ed8", size = 37688, upload-time = "2023-04-28T00:53:40.158Z" }
wheels = [
    { url = "https://files.pythonhosted.org/packages/ad/bd/d47ee02312640fcf26c7e1c807402d5c5eab468571153a94ec8f7ada0e46/uvicorn-0.22.0-py3-none-any.whl", hash = "sha256:e9434d3bbf05f310e762147f769c9f21235ee118ba2d2bf1155a7196448bd996", size = 58345, upload-time = "2023-04-28T00:53:38.517Z" },
]

[[package]]
name = "werkzeug"
version = "2.3.4"
source = { registry = "https://pypi.org/simple" }
dependencies = [
    { name = "markupsafe" },
]
sdist = { url = "https://files.pythonhosted.org/packages/2d/bf/5a00bb4a70028f7c6000bc9394492154fa9ae3f5226187e3ddcd0aa5eca1/Werkzeug-2.3.4.tar.gz", hash = "sha256:1d5a58e0377d1fe39d061a5de4469e414e78ccb1e1e59c0f5ad6fa1c36c52b76", size = 832442, upload-time = "2023-05-08T20:11:42.196Z" }
wheels = [
    { url = "https://files.pythonhosted.org/packages/c2/2f/f0dc628295bd23571c962d5a349307d9c8796a05bfca6571659eaded38e2/Werkzeug-2.3.4-py3-none-any.whl", hash = "sha256:48e5e61472fee0ddee27ebad085614ebedb7af41e88f687aaf881afb723a162f", size = 242454, upload-time = "2023-05-08T20:11:38.812Z" },
]

[[package]]
name = "win32-setctime"
version = "1.2.0"
source = { registry = "https://pypi.org/simple" }
sdist = { url = "https://files.pythonhosted.org/packages/b3/8f/705086c9d734d3b663af0e9bb3d4de6578d08f46b1b101c2442fd9aecaa2/win32_setctime-1.2.0.tar.gz", hash = "sha256:ae1fdf948f5640aae05c511ade119313fb6a30d7eabe25fef9764dca5873c4c0", size = 4867, upload-time = "2024-12-07T15:28:28.314Z" }
wheels = [
    { url = "https://files.pythonhosted.org/packages/e1/07/c6fe3ad3e685340704d314d765b7912993bcb8dc198f0e7a89382d37974b/win32_setctime-1.2.0-py3-none-any.whl", hash = "sha256:95d644c4e708aba81dc3704a116d8cbc974d70b3bdb8be1d150e36be6e9d1390", size = 4083, upload-time = "2024-12-07T15:28:26.465Z" },
]

[[package]]
name = "wsproto"
version = "1.2.0"
source = { registry = "https://pypi.org/simple" }
dependencies = [
    { name = "h11" },
]
sdist = { url = "https://files.pythonhosted.org/packages/c9/4a/44d3c295350d776427904d73c189e10aeae66d7f555bb2feee16d1e4ba5a/wsproto-1.2.0.tar.gz", hash = "sha256:ad565f26ecb92588a3e43bc3d96164de84cd9902482b130d0ddbaa9664a85065", size = 53425, upload-time = "2022-08-23T19:58:21.447Z" }
wheels = [
    { url = "https://files.pythonhosted.org/packages/78/58/e860788190eba3bcce367f74d29c4675466ce8dddfba85f7827588416f01/wsproto-1.2.0-py3-none-any.whl", hash = "sha256:b9acddd652b585d75b20477888c56642fdade28bdfd3579aa24a4d2c037dd736", size = 24226, upload-time = "2022-08-23T19:58:19.96Z" },
]

[[package]]
name = "zipp"
version = "3.15.0"
source = { registry = "https://pypi.org/simple" }
sdist = { url = "https://files.pythonhosted.org/packages/00/27/f0ac6b846684cecce1ee93d32450c45ab607f65c2e0255f0092032d91f07/zipp-3.15.0.tar.gz", hash = "sha256:112929ad649da941c23de50f356a2b5570c954b65150642bccdd66bf194d224b", size = 18454, upload-time = "2023-02-25T02:17:22.503Z" }
wheels = [
    { url = "https://files.pythonhosted.org/packages/5b/fa/c9e82bbe1af6266adf08afb563905eb87cab83fde00a0a08963510621047/zipp-3.15.0-py3-none-any.whl", hash = "sha256:48904fc76a60e542af151aded95726c1a5c34ed43ab4134b597665c86d7ad556", size = 6758, upload-time = "2023-02-25T02:17:20.807Z" },
]
